
Microsoft Visual Studio Solution File, Format Version 12.00
# Visual Studio Version 16
VisualStudioVersion = 16.0.30711.63
MinimumVisualStudioVersion = 10.0.40219.1
Project("{9A19103F-16F7-4668-BE54-9A1E7A4F7556}") = "OfficialUnofficialRing", "OfficialUnofficialRing\OfficialUnofficialRing.csproj", "{AF054A10-42B5-49A0-AE47-A2F1B5754E27}"
EndProject
Project("{9A19103F-16F7-4668-BE54-9A1E7A4F7556}") = "RingSharp", "RingSharp\RingSharp.csproj", "{DA819740-5368-4A5C-9EA9-87F5BB211BE0}"
EndProject
Global
	GlobalSection(SolutionConfigurationPlatforms) = preSolution
		Debug|Any CPU = Debug|Any CPU
		Release|Any CPU = Release|Any CPU
	EndGlobalSection
	GlobalSection(ProjectConfigurationPlatforms) = postSolution
		{AF054A10-42B5-49A0-AE47-A2F1B5754E27}.Debug|Any CPU.ActiveCfg = Debug|Any CPU
		{AF054A10-42B5-49A0-AE47-A2F1B5754E27}.Debug|Any CPU.Build.0 = Debug|Any CPU
		{AF054A10-42B5-49A0-AE47-A2F1B5754E27}.Release|Any CPU.ActiveCfg = Release|Any CPU
		{AF054A10-42B5-49A0-AE47-A2F1B5754E27}.Release|Any CPU.Build.0 = Release|Any CPU
		{DA819740-5368-4A5C-9EA9-87F5BB211BE0}.Debug|Any CPU.ActiveCfg = Debug|Any CPU
		{DA819740-5368-4A5C-9EA9-87F5BB211BE0}.Debug|Any CPU.Build.0 = Debug|Any CPU
		{DA819740-5368-4A5C-9EA9-87F5BB211BE0}.Release|Any CPU.ActiveCfg = Release|Any CPU
		{DA819740-5368-4A5C-9EA9-87F5BB211BE0}.Release|Any CPU.Build.0 = Release|Any CPU
	EndGlobalSection
	GlobalSection(SolutionProperties) = preSolution
		HideSolutionNode = FALSE
	EndGlobalSection
	GlobalSection(ExtensibilityGlobals) = postSolution
		SolutionGuid = {6F689D69-7E35-4CCD-B99C-CAE4D29C68C2}
	EndGlobalSection
EndGlobal
