
Microsoft Visual Studio Solution File, Format Version 12.00
# Visual Studio Version 16
VisualStudioVersion = 16.0.30717.126
MinimumVisualStudioVersion = 10.0.40219.1
Project("{9A19103F-16F7-4668-BE54-9A1E7A4F7556}") = "RingRefreshTokenUtil", "RingRefreshTokenUtil\RingRefreshTokenUtil.csproj", "{31F7421F-EFB2-4D8B-9170-50F16DAABB4E}"
EndProject
Project("{9A19103F-16F7-4668-BE54-9A1E7A4F7556}") = "RingSharp", "RingSharp\RingSharp.csproj", "{CB12E1D2-8028-4781-A0AD-1E0FE3AA5F89}"
EndProject
Global
	GlobalSection(SolutionConfigurationPlatforms) = preSolution
		Debug|Any CPU = Debug|Any CPU
		Release|Any CPU = Release|Any CPU
	EndGlobalSection
	GlobalSection(ProjectConfigurationPlatforms) = postSolution
		{31F7421F-EFB2-4D8B-9170-50F16DAABB4E}.Debug|Any CPU.ActiveCfg = Debug|Any CPU
		{31F7421F-EFB2-4D8B-9170-50F16DAABB4E}.Debug|Any CPU.Build.0 = Debug|Any CPU
		{31F7421F-EFB2-4D8B-9170-50F16DAABB4E}.Release|Any CPU.ActiveCfg = Release|Any CPU
		{31F7421F-EFB2-4D8B-9170-50F16DAABB4E}.Release|Any CPU.Build.0 = Release|Any CPU
		{CB12E1D2-8028-4781-A0AD-1E0FE3AA5F89}.Debug|Any CPU.ActiveCfg = Debug|Any CPU
		{CB12E1D2-8028-4781-A0AD-1E0FE3AA5F89}.Debug|Any CPU.Build.0 = Debug|Any CPU
		{CB12E1D2-8028-4781-A0AD-1E0FE3AA5F89}.Release|Any CPU.ActiveCfg = Release|Any CPU
		{CB12E1D2-8028-4781-A0AD-1E0FE3AA5F89}.Release|Any CPU.Build.0 = Release|Any CPU
	EndGlobalSection
	GlobalSection(SolutionProperties) = preSolution
		HideSolutionNode = FALSE
	EndGlobalSection
	GlobalSection(ExtensibilityGlobals) = postSolution
		SolutionGuid = {D1963174-16B6-4F5A-9DE7-EAEAE71A8302}
	EndGlobalSection
EndGlobal
